
Microsoft Visual Studio Solution File, Format Version 12.00
# Visual Studio Version 17
VisualStudioVersion = 17.3.32922.545
MinimumVisualStudioVersion = 10.0.40219.1
Project("{9A19103F-16F7-4668-BE54-9A1E7A4F7556}") = "ManipulandoArquivos", "ManipulandoArquivos.csproj", "{98F9A0EF-6054-4DC2-B251-94A4EA7397F0}"
EndProject
Global
	GlobalSection(SolutionConfigurationPlatforms) = preSolution
		Debug|Any CPU = Debug|Any CPU
		Release|Any CPU = Release|Any CPU
	EndGlobalSection
	GlobalSection(ProjectConfigurationPlatforms) = postSolution
		{98F9A0EF-6054-4DC2-B251-94A4EA7397F0}.Debug|Any CPU.ActiveCfg = Debug|Any CPU
		{98F9A0EF-6054-4DC2-B251-94A4EA7397F0}.Debug|Any CPU.Build.0 = Debug|Any CPU
		{98F9A0EF-6054-4DC2-B251-94A4EA7397F0}.Release|Any CPU.ActiveCfg = Release|Any CPU
		{98F9A0EF-6054-4DC2-B251-94A4EA7397F0}.Release|Any CPU.Build.0 = Release|Any CPU
	EndGlobalSection
	GlobalSection(SolutionProperties) = preSolution
		HideSolutionNode = FALSE
	EndGlobalSection
	GlobalSection(ExtensibilityGlobals) = postSolution
		SolutionGuid = {3DCEB3AF-0972-4521-899F-5F310D9A56A4}
	EndGlobalSection
EndGlobal
