
Microsoft Visual Studio Solution File, Format Version 12.00
# Visual Studio Version 17
VisualStudioVersion = 17.3.32901.215
MinimumVisualStudioVersion = 10.0.40219.1
Project("{FAE04EC0-301F-11D3-BF4B-00C04F79EFBC}") = "ExerciciosMatrizes", "ExerciciosMatrizes.csproj", "{C5DF54EA-089A-4948-8FCC-9D9711BD7184}"
EndProject
Global
	GlobalSection(SolutionConfigurationPlatforms) = preSolution
		Debug|Any CPU = Debug|Any CPU
		Release|Any CPU = Release|Any CPU
	EndGlobalSection
	GlobalSection(ProjectConfigurationPlatforms) = postSolution
		{C5DF54EA-089A-4948-8FCC-9D9711BD7184}.Debug|Any CPU.ActiveCfg = Debug|Any CPU
		{C5DF54EA-089A-4948-8FCC-9D9711BD7184}.Debug|Any CPU.Build.0 = Debug|Any CPU
		{C5DF54EA-089A-4948-8FCC-9D9711BD7184}.Release|Any CPU.ActiveCfg = Release|Any CPU
		{C5DF54EA-089A-4948-8FCC-9D9711BD7184}.Release|Any CPU.Build.0 = Release|Any CPU
	EndGlobalSection
	GlobalSection(SolutionProperties) = preSolution
		HideSolutionNode = FALSE
	EndGlobalSection
	GlobalSection(ExtensibilityGlobals) = postSolution
		SolutionGuid = {F7F68FB4-3CB4-4174-A02D-E78B08EF0C62}
	EndGlobalSection
EndGlobal
