
Microsoft Visual Studio Solution File, Format Version 12.00
# Visual Studio Version 17
VisualStudioVersion = 17.3.32922.545
MinimumVisualStudioVersion = 10.0.40219.1
Project("{FAE04EC0-301F-11D3-BF4B-00C04F79EFBC}") = "SegundaOO", "SegundaOO.csproj", "{DCBF191F-CADC-4389-AB7B-F26CEC7E16F4}"
EndProject
Global
	GlobalSection(SolutionConfigurationPlatforms) = preSolution
		Debug|Any CPU = Debug|Any CPU
		Release|Any CPU = Release|Any CPU
	EndGlobalSection
	GlobalSection(ProjectConfigurationPlatforms) = postSolution
		{DCBF191F-CADC-4389-AB7B-F26CEC7E16F4}.Debug|Any CPU.ActiveCfg = Debug|Any CPU
		{DCBF191F-CADC-4389-AB7B-F26CEC7E16F4}.Debug|Any CPU.Build.0 = Debug|Any CPU
		{DCBF191F-CADC-4389-AB7B-F26CEC7E16F4}.Release|Any CPU.ActiveCfg = Release|Any CPU
		{DCBF191F-CADC-4389-AB7B-F26CEC7E16F4}.Release|Any CPU.Build.0 = Release|Any CPU
	EndGlobalSection
	GlobalSection(SolutionProperties) = preSolution
		HideSolutionNode = FALSE
	EndGlobalSection
	GlobalSection(ExtensibilityGlobals) = postSolution
		SolutionGuid = {3A8F849B-739C-4D2A-9006-A1D500ABA6F8}
	EndGlobalSection
EndGlobal
